
Microsoft Visual Studio Solution File, Format Version 12.00
# Visual Studio Version 16
VisualStudioVersion = 16.0.30413.136
MinimumVisualStudioVersion = 10.0.40219.1
Project("{FAE04EC0-301F-11D3-BF4B-00C04F79EFBC}") = "Tomi_tarsalgo_2020.09.04", "Tomi_tarsalgo_2020.09.04\Tomi_tarsalgo_2020.09.04.csproj", "{105B8EC2-077E-4D7A-B338-EF22E4328114}"
EndProject
Global
	GlobalSection(SolutionConfigurationPlatforms) = preSolution
		Debug|Any CPU = Debug|Any CPU
		Release|Any CPU = Release|Any CPU
	EndGlobalSection
	GlobalSection(ProjectConfigurationPlatforms) = postSolution
		{105B8EC2-077E-4D7A-B338-EF22E4328114}.Debug|Any CPU.ActiveCfg = Debug|Any CPU
		{105B8EC2-077E-4D7A-B338-EF22E4328114}.Debug|Any CPU.Build.0 = Debug|Any CPU
		{105B8EC2-077E-4D7A-B338-EF22E4328114}.Release|Any CPU.ActiveCfg = Release|Any CPU
		{105B8EC2-077E-4D7A-B338-EF22E4328114}.Release|Any CPU.Build.0 = Release|Any CPU
	EndGlobalSection
	GlobalSection(SolutionProperties) = preSolution
		HideSolutionNode = FALSE
	EndGlobalSection
	GlobalSection(ExtensibilityGlobals) = postSolution
		SolutionGuid = {D64D32B3-D032-4332-9D87-DEECEF8ED91E}
	EndGlobalSection
EndGlobal
